
Microsoft Visual Studio Solution File, Format Version 12.00
# Visual Studio Version 16
VisualStudioVersion = 16.0.30523.141
MinimumVisualStudioVersion = 10.0.40219.1
Project("{FAE04EC0-301F-11D3-BF4B-00C04F79EFBC}") = "TrashCollecter", "TrashCollecter.csproj", "{07FEC8F4-161F-42DB-8BC1-3380CC26C9A5}"
EndProject
Global
	GlobalSection(SolutionConfigurationPlatforms) = preSolution
		Debug|Any CPU = Debug|Any CPU
		Release|Any CPU = Release|Any CPU
	EndGlobalSection
	GlobalSection(ProjectConfigurationPlatforms) = postSolution
		{07FEC8F4-161F-42DB-8BC1-3380CC26C9A5}.Debug|Any CPU.ActiveCfg = Debug|Any CPU
		{07FEC8F4-161F-42DB-8BC1-3380CC26C9A5}.Debug|Any CPU.Build.0 = Debug|Any CPU
		{07FEC8F4-161F-42DB-8BC1-3380CC26C9A5}.Release|Any CPU.ActiveCfg = Release|Any CPU
		{07FEC8F4-161F-42DB-8BC1-3380CC26C9A5}.Release|Any CPU.Build.0 = Release|Any CPU
	EndGlobalSection
	GlobalSection(SolutionProperties) = preSolution
		HideSolutionNode = FALSE
	EndGlobalSection
	GlobalSection(ExtensibilityGlobals) = postSolution
		SolutionGuid = {B3B67626-803D-4D1B-81B3-F9CA67CB22D0}
	EndGlobalSection
EndGlobal
